
Microsoft Visual Studio Solution File, Format Version 12.00
# Visual Studio Version 17
VisualStudioVersion = 17.3.32929.385
MinimumVisualStudioVersion = 10.0.40219.1
Project("{FAE04EC0-301F-11D3-BF4B-00C04F79EFBC}") = "generate", "generate.csproj", "{5CD430C3-688F-45A8-960D-BE2FAE273DDF}"
EndProject
Global
	GlobalSection(SolutionConfigurationPlatforms) = preSolution
		Debug|Any CPU = Debug|Any CPU
		Release|Any CPU = Release|Any CPU
	EndGlobalSection
	GlobalSection(ProjectConfigurationPlatforms) = postSolution
		{5CD430C3-688F-45A8-960D-BE2FAE273DDF}.Debug|Any CPU.ActiveCfg = Debug|Any CPU
		{5CD430C3-688F-45A8-960D-BE2FAE273DDF}.Debug|Any CPU.Build.0 = Debug|Any CPU
		{5CD430C3-688F-45A8-960D-BE2FAE273DDF}.Release|Any CPU.ActiveCfg = Release|Any CPU
		{5CD430C3-688F-45A8-960D-BE2FAE273DDF}.Release|Any CPU.Build.0 = Release|Any CPU
	EndGlobalSection
	GlobalSection(SolutionProperties) = preSolution
		HideSolutionNode = FALSE
	EndGlobalSection
	GlobalSection(ExtensibilityGlobals) = postSolution
		SolutionGuid = {642AD29C-EC80-4D60-BD4F-EB88B866B764}
	EndGlobalSection
EndGlobal
